{
  "name": "ChaosTest",
  "lockfileVersion": 3,
  "requires": true,
  "packages": {
    "": {
      "dependencies": {
        "@tainakanchu/mann-whitney-utest": "^1.1.0",
        "csv-parse": "^5.5.6",
        "jstat": "^1.9.6",
        "mersenne-twister": "^1.1.0",
        "regression": "^2.0.1"
      }
    },
    "node_modules/@tainakanchu/mann-whitney-utest": {
      "version": "1.1.0",
      "resolved": "https://registry.npmjs.org/@tainakanchu/mann-whitney-utest/-/mann-whitney-utest-1.1.0.tgz",
      "integrity": "sha512-zcKY6Vs6jbjHHrHlCPtDcDQ2VhcJglJUNU6BPztBs39Ot8WyMn9cBVpK1ReuZOq2WOdSlVv3qo35yQ9o/lVaCQ=="
    },
    "node_modules/csv-parse": {
      "version": "5.5.6",
      "resolved": "https://registry.npmjs.org/csv-parse/-/csv-parse-5.5.6.tgz",
      "integrity": "sha512-uNpm30m/AGSkLxxy7d9yRXpJQFrZzVWLFBkS+6ngPcZkw/5k3L/jjFuj7tVnEpRn+QgmiXr21nDlhCiUK4ij2A=="
    },
    "node_modules/jstat": {
      "version": "1.9.6",
      "resolved": "https://registry.npmjs.org/jstat/-/jstat-1.9.6.tgz",
      "integrity": "sha512-rPBkJbK2TnA8pzs93QcDDPlKcrtZWuuCo2dVR0TFLOJSxhqfWOVCSp8aV3/oSbn+4uY4yw1URtLpHQedtmXfug=="
    },
    "node_modules/mersenne-twister": {
      "version": "1.1.0",
      "resolved": "https://registry.npmjs.org/mersenne-twister/-/mersenne-twister-1.1.0.tgz",
      "integrity": "sha512-mUYWsMKNrm4lfygPkL3OfGzOPTR2DBlTkBNHM//F6hGp8cLThY897crAlk3/Jo17LEOOjQUrNAx6DvgO77QJkA=="
    },
    "node_modules/regression": {
      "version": "2.0.1",
      "resolved": "https://registry.npmjs.org/regression/-/regression-2.0.1.tgz",
      "integrity": "sha512-A4XYsc37dsBaNOgEjkJKzfJlE394IMmUPlI/p3TTI9u3T+2a+eox5Pr/CPUqF0eszeWZJPAc6QkroAhuUpWDJQ=="
    }
  }
}
